
Microsoft Visual Studio Solution File, Format Version 12.00
# Visual Studio Version 17
VisualStudioVersion = 17.0.31919.166
MinimumVisualStudioVersion = 10.0.40219.1
Project("{9A19103F-16F7-4668-BE54-9A1E7A4F7556}") = "Course_design_of_compiling_principles", "Course_design_of_compiling_principles\Course_design_of_compiling_principles.csproj", "{1DB4E880-900E-481E-A08E-2AC384A9933E}"
EndProject
Project("{2150E333-8FDC-42A3-9474-1A3956D46DE8}") = "Solution Items", "Solution Items", "{BF0A5210-6079-45B9-8167-3B26A76FA2F8}"
	ProjectSection(SolutionItems) = preProject
		.editorconfig = .editorconfig
	EndProjectSection
EndProject
Global
	GlobalSection(SolutionConfigurationPlatforms) = preSolution
		Debug|Any CPU = Debug|Any CPU
		Release|Any CPU = Release|Any CPU
	EndGlobalSection
	GlobalSection(ProjectConfigurationPlatforms) = postSolution
		{1DB4E880-900E-481E-A08E-2AC384A9933E}.Debug|Any CPU.ActiveCfg = Debug|Any CPU
		{1DB4E880-900E-481E-A08E-2AC384A9933E}.Debug|Any CPU.Build.0 = Debug|Any CPU
		{1DB4E880-900E-481E-A08E-2AC384A9933E}.Release|Any CPU.ActiveCfg = Release|Any CPU
		{1DB4E880-900E-481E-A08E-2AC384A9933E}.Release|Any CPU.Build.0 = Release|Any CPU
	EndGlobalSection
	GlobalSection(SolutionProperties) = preSolution
		HideSolutionNode = FALSE
	EndGlobalSection
	GlobalSection(ExtensibilityGlobals) = postSolution
		SolutionGuid = {909980AB-0C6D-441F-8579-0A760B5A24E3}
	EndGlobalSection
EndGlobal
